
Microsoft Visual Studio Solution File, Format Version 12.00
# Visual Studio Version 17
VisualStudioVersion = 17.3.32929.385
MinimumVisualStudioVersion = 10.0.40219.1
Project("{9A19103F-16F7-4668-BE54-9A1E7A4F7556}") = "BuildGroup.CryptoWallet.App", "BuildGroup.CryptoWallet.App\BuildGroup.CryptoWallet.App.csproj", "{E74DCA81-C8B1-44EC-865B-1B09B5403CDE}"
EndProject
Project("{FAE04EC0-301F-11D3-BF4B-00C04F79EFBC}") = "BuildGroup.CryptoWallet.Frontend.Wpf", "BuildGroup.CryptoWallet.Frontend.Wpf\BuildGroup.CryptoWallet.Frontend.Wpf.csproj", "{D909CB59-E777-42DE-8BFD-1E34AF8DF3BD}"
EndProject
Global
	GlobalSection(SolutionConfigurationPlatforms) = preSolution
		Debug|Any CPU = Debug|Any CPU
		Release|Any CPU = Release|Any CPU
	EndGlobalSection
	GlobalSection(ProjectConfigurationPlatforms) = postSolution
		{E74DCA81-C8B1-44EC-865B-1B09B5403CDE}.Debug|Any CPU.ActiveCfg = Debug|Any CPU
		{E74DCA81-C8B1-44EC-865B-1B09B5403CDE}.Debug|Any CPU.Build.0 = Debug|Any CPU
		{E74DCA81-C8B1-44EC-865B-1B09B5403CDE}.Release|Any CPU.ActiveCfg = Release|Any CPU
		{E74DCA81-C8B1-44EC-865B-1B09B5403CDE}.Release|Any CPU.Build.0 = Release|Any CPU
		{D909CB59-E777-42DE-8BFD-1E34AF8DF3BD}.Debug|Any CPU.ActiveCfg = Debug|Any CPU
		{D909CB59-E777-42DE-8BFD-1E34AF8DF3BD}.Debug|Any CPU.Build.0 = Debug|Any CPU
		{D909CB59-E777-42DE-8BFD-1E34AF8DF3BD}.Release|Any CPU.ActiveCfg = Release|Any CPU
		{D909CB59-E777-42DE-8BFD-1E34AF8DF3BD}.Release|Any CPU.Build.0 = Release|Any CPU
	EndGlobalSection
	GlobalSection(SolutionProperties) = preSolution
		HideSolutionNode = FALSE
	EndGlobalSection
	GlobalSection(ExtensibilityGlobals) = postSolution
		SolutionGuid = {F5D56402-5C75-4663-991C-BB56E5A230E8}
	EndGlobalSection
EndGlobal
